{
    "version": 3,
    "terraform_version": "0.11.7",
    "serial": 2,
    "lineage": "fbdaf90b-6e80-c427-f5e6-b4b30f33a91a",
    "modules": [
        {
            "path": [
                "root"
            ],
            "outputs": {
                "url": {
                    "sensitive": false,
                    "type": "string",
                    "value": "https://drpywbz2jj.execute-api.us-east-1.amazonaws.com/dev"
                }
            },
            "resources": {
                "aws_api_gateway_deployment.roman-numeral-api-dev-deployment": {
                    "type": "aws_api_gateway_deployment",
                    "depends_on": [
                        "aws_api_gateway_integration.lambda-api-integration",
                        "aws_api_gateway_rest_api.roman-numeral-api"
                    ],
                    "primary": {
                        "id": "hus7uo",
                        "attributes": {
                            "created_date": "2018-09-02T20:22:04Z",
                            "description": "",
                            "execution_arn": "arn:aws:execute-api:us-east-1:067490681663:drpywbz2jj/dev",
                            "id": "hus7uo",
                            "invoke_url": "https://drpywbz2jj.execute-api.us-east-1.amazonaws.com/dev",
                            "rest_api_id": "drpywbz2jj",
                            "stage_name": "dev"
                        },
                        "meta": {},
                        "tainted": false
                    },
                    "deposed": [],
                    "provider": "provider.aws"
                },
                "aws_api_gateway_integration.lambda-api-integration": {
                    "type": "aws_api_gateway_integration",
                    "depends_on": [
                        "aws_api_gateway_method.integer-to-roman-numeral-method",
                        "aws_api_gateway_resource.integer-api-resource",
                        "aws_api_gateway_rest_api.roman-numeral-api",
                        "aws_lambda_function.to-roman-numberal-js"
                    ],
                    "primary": {
                        "id": "agi-drpywbz2jj-1mual9-GET",
                        "attributes": {
                            "cache_key_parameters.#": "0",
                            "cache_namespace": "1mual9",
                            "connection_id": "",
                            "connection_type": "INTERNET",
                            "content_handling": "",
                            "credentials": "",
                            "http_method": "GET",
                            "id": "agi-drpywbz2jj-1mual9-GET",
                            "integration_http_method": "POST",
                            "passthrough_behavior": "WHEN_NO_MATCH",
                            "request_parameters.%": "0",
                            "request_templates.%": "0",
                            "resource_id": "1mual9",
                            "rest_api_id": "drpywbz2jj",
                            "timeout_milliseconds": "29000",
                            "type": "AWS_PROXY",
                            "uri": "arn:aws:apigateway:us-east-1:lambda:path/2015-03-31/functions/arn:aws:lambda:us-east-1:067490681663:function:ToRomanNumberalJs/invocations"
                        },
                        "meta": {},
                        "tainted": false
                    },
                    "deposed": [],
                    "provider": "provider.aws"
                },
                "aws_api_gateway_method.integer-to-roman-numeral-method": {
                    "type": "aws_api_gateway_method",
                    "depends_on": [
                        "aws_api_gateway_resource.integer-api-resource",
                        "aws_api_gateway_rest_api.roman-numeral-api"
                    ],
                    "primary": {
                        "id": "agm-drpywbz2jj-1mual9-GET",
                        "attributes": {
                            "api_key_required": "false",
                            "authorization": "NONE",
                            "http_method": "GET",
                            "id": "agm-drpywbz2jj-1mual9-GET",
                            "resource_id": "1mual9",
                            "rest_api_id": "drpywbz2jj"
                        },
                        "meta": {},
                        "tainted": false
                    },
                    "deposed": [],
                    "provider": "provider.aws"
                },
                "aws_api_gateway_resource.integer-api-resource": {
                    "type": "aws_api_gateway_resource",
                    "depends_on": [
                        "aws_api_gateway_resource.roman-numeral-api-resource",
                        "aws_api_gateway_rest_api.roman-numeral-api"
                    ],
                    "primary": {
                        "id": "1mual9",
                        "attributes": {
                            "id": "1mual9",
                            "parent_id": "bdls3c",
                            "path": "/roman-numeral/{integer}",
                            "path_part": "{integer}",
                            "rest_api_id": "drpywbz2jj"
                        },
                        "meta": {},
                        "tainted": false
                    },
                    "deposed": [],
                    "provider": "provider.aws"
                },
                "aws_api_gateway_resource.roman-numeral-api-resource": {
                    "type": "aws_api_gateway_resource",
                    "depends_on": [
                        "aws_api_gateway_rest_api.roman-numeral-api"
                    ],
                    "primary": {
                        "id": "bdls3c",
                        "attributes": {
                            "id": "bdls3c",
                            "parent_id": "co5fvd7ije",
                            "path": "/roman-numeral",
                            "path_part": "roman-numeral",
                            "rest_api_id": "drpywbz2jj"
                        },
                        "meta": {},
                        "tainted": false
                    },
                    "deposed": [],
                    "provider": "provider.aws"
                },
                "aws_api_gateway_rest_api.roman-numeral-api": {
                    "type": "aws_api_gateway_rest_api",
                    "depends_on": [],
                    "primary": {
                        "id": "drpywbz2jj",
                        "attributes": {
                            "api_key_source": "HEADER",
                            "binary_media_types.#": "0",
                            "created_date": "2018-09-02T20:21:53Z",
                            "description": "A Prototype REST API for Converting Integers to Roman Numerals",
                            "endpoint_configuration.#": "1",
                            "endpoint_configuration.0.types.#": "1",
                            "endpoint_configuration.0.types.0": "EDGE",
                            "execution_arn": "arn:aws:execute-api:us-east-1:067490681663:drpywbz2jj",
                            "id": "drpywbz2jj",
                            "minimum_compression_size": "-1",
                            "name": "RomanNumeralAPI",
                            "policy": "",
                            "root_resource_id": "co5fvd7ije"
                        },
                        "meta": {},
                        "tainted": false
                    },
                    "deposed": [],
                    "provider": "provider.aws"
                },
                "aws_iam_role.lambda-role": {
                    "type": "aws_iam_role",
                    "depends_on": [],
                    "primary": {
                        "id": "iam-lambda-role",
                        "attributes": {
                            "arn": "arn:aws:iam::067490681663:role/iam-lambda-role",
                            "assume_role_policy": "{\"Version\":\"2012-10-17\",\"Statement\":[{\"Sid\":\"\",\"Effect\":\"Allow\",\"Principal\":{\"Service\":[\"apigateway.amazonaws.com\",\"lambda.amazonaws.com\"]},\"Action\":\"sts:AssumeRole\"}]}",
                            "create_date": "2018-09-02T20:21:53Z",
                            "description": "",
                            "force_detach_policies": "false",
                            "id": "iam-lambda-role",
                            "max_session_duration": "3600",
                            "name": "iam-lambda-role",
                            "path": "/",
                            "unique_id": "AROAJZLKARDN2P34V5XLG"
                        },
                        "meta": {},
                        "tainted": false
                    },
                    "deposed": [],
                    "provider": "provider.aws"
                },
                "aws_lambda_function.to-roman-numberal-js": {
                    "type": "aws_lambda_function",
                    "depends_on": [
                        "aws_iam_role.lambda-role",
                        "data.archive_file.lambda"
                    ],
                    "primary": {
                        "id": "ToRomanNumberalJs",
                        "attributes": {
                            "arn": "arn:aws:lambda:us-east-1:067490681663:function:ToRomanNumberalJs",
                            "dead_letter_config.#": "0",
                            "description": "",
                            "environment.#": "0",
                            "filename": "toRomanNumeral.zip",
                            "function_name": "ToRomanNumberalJs",
                            "handler": "toRomanNumeral.handler",
                            "id": "ToRomanNumberalJs",
                            "invoke_arn": "arn:aws:apigateway:us-east-1:lambda:path/2015-03-31/functions/arn:aws:lambda:us-east-1:067490681663:function:ToRomanNumberalJs/invocations",
                            "kms_key_arn": "",
                            "last_modified": "2018-09-02T20:22:02.929+0000",
                            "memory_size": "128",
                            "publish": "false",
                            "qualified_arn": "arn:aws:lambda:us-east-1:067490681663:function:ToRomanNumberalJs:$LATEST",
                            "reserved_concurrent_executions": "0",
                            "role": "arn:aws:iam::067490681663:role/iam-lambda-role",
                            "runtime": "nodejs8.10",
                            "source_code_hash": "nJp2TsXgxJIQYO0qD8Td/ml2jf8F6AaGvW/MhXFWQSc=",
                            "source_code_size": "336",
                            "tags.%": "0",
                            "timeout": "3",
                            "tracing_config.#": "1",
                            "tracing_config.0.mode": "PassThrough",
                            "version": "$LATEST",
                            "vpc_config.#": "0"
                        },
                        "meta": {},
                        "tainted": false
                    },
                    "deposed": [],
                    "provider": "provider.aws"
                },
                "data.archive_file.lambda": {
                    "type": "archive_file",
                    "depends_on": [],
                    "primary": {
                        "id": "001f05143694f81041ddff07ea5e3cbf502fa99f",
                        "attributes": {
                            "id": "001f05143694f81041ddff07ea5e3cbf502fa99f",
                            "output_base64sha256": "nJp2TsXgxJIQYO0qD8Td/ml2jf8F6AaGvW/MhXFWQSc=",
                            "output_md5": "1533210a8e5a8c7685f6bf846fd84191",
                            "output_path": "toRomanNumeral.zip",
                            "output_sha": "001f05143694f81041ddff07ea5e3cbf502fa99f",
                            "output_size": "336",
                            "source.#": "0",
                            "source_file": "toRomanNumeral.js",
                            "type": "zip"
                        },
                        "meta": {},
                        "tainted": false
                    },
                    "deposed": [],
                    "provider": "provider.archive"
                }
            },
            "depends_on": []
        }
    ]
}
