{
    "version": 3,
    "terraform_version": "0.11.7",
    "serial": 12,
    "lineage": "ef65e692-336f-78e0-ce9b-c8a120138507",
    "modules": [
        {
            "path": [
                "root"
            ],
            "outputs": {
                "elastic_ip": {
                    "sensitive": false,
                    "type": "string",
                    "value": "18.213.179.128"
                },
                "public_ip": {
                    "sensitive": false,
                    "type": "string",
                    "value": "18.213.179.128"
                }
            },
            "resources": {
                "aws_eip.tf-instance-ip": {
                    "type": "aws_eip",
                    "depends_on": [
                        "aws_instance.tf-basic-instance"
                    ],
                    "primary": {
                        "id": "eipalloc-6b4eb360",
                        "attributes": {
                            "association_id": "eipassoc-044177d9b967545a1",
                            "domain": "vpc",
                            "id": "eipalloc-6b4eb360",
                            "instance": "i-00eb70bd1f5814457",
                            "network_interface": "eni-0661fe15f0b1c326d",
                            "private_ip": "172.31.90.20",
                            "public_ip": "18.213.179.128",
                            "tags.%": "0",
                            "vpc": "true"
                        },
                        "meta": {
                            "e2bfb730-ecaa-11e6-8f88-34363bc7c4c0": {
                                "delete": 180000000000,
                                "read": 900000000000,
                                "update": 300000000000
                            }
                        },
                        "tainted": false
                    },
                    "deposed": [],
                    "provider": "provider.aws"
                },
                "aws_instance.tf-basic-instance": {
                    "type": "aws_instance",
                    "depends_on": [
                        "aws_security_group.instance_security"
                    ],
                    "primary": {
                        "id": "i-00eb70bd1f5814457",
                        "attributes": {
                            "ami": "ami-04169656fea786776",
                            "associate_public_ip_address": "true",
                            "availability_zone": "us-east-1c",
                            "cpu_core_count": "1",
                            "cpu_threads_per_core": "1",
                            "credit_specification.#": "1",
                            "credit_specification.0.cpu_credits": "standard",
                            "disable_api_termination": "false",
                            "ebs_block_device.#": "0",
                            "ebs_optimized": "false",
                            "ephemeral_block_device.#": "0",
                            "get_password_data": "false",
                            "iam_instance_profile": "",
                            "id": "i-00eb70bd1f5814457",
                            "instance_state": "running",
                            "instance_type": "t2.micro",
                            "ipv6_addresses.#": "0",
                            "key_name": "",
                            "monitoring": "false",
                            "network_interface.#": "0",
                            "network_interface_id": "eni-0661fe15f0b1c326d",
                            "password_data": "",
                            "placement_group": "",
                            "primary_network_interface_id": "eni-0661fe15f0b1c326d",
                            "private_dns": "ip-172-31-90-20.ec2.internal",
                            "private_ip": "172.31.90.20",
                            "public_dns": "ec2-18-213-179-128.compute-1.amazonaws.com",
                            "public_ip": "18.213.179.128",
                            "root_block_device.#": "1",
                            "root_block_device.0.delete_on_termination": "true",
                            "root_block_device.0.iops": "100",
                            "root_block_device.0.volume_id": "vol-093f3f5e5cddb2e84",
                            "root_block_device.0.volume_size": "8",
                            "root_block_device.0.volume_type": "gp2",
                            "security_groups.#": "1",
                            "security_groups.1756346150": "tf-basic-instance",
                            "source_dest_check": "true",
                            "subnet_id": "subnet-5844e076",
                            "tags.%": "1",
                            "tags.Name": "tf-basic-instance",
                            "tenancy": "default",
                            "user_data": "8caf5ff3501cfa60b032c23b08d64de0eac0b200",
                            "volume_tags.%": "0",
                            "vpc_security_group_ids.#": "1",
                            "vpc_security_group_ids.3995340844": "sg-0b106fdbaf2859bd0"
                        },
                        "meta": {
                            "e2bfb730-ecaa-11e6-8f88-34363bc7c4c0": {
                                "create": 600000000000,
                                "delete": 1200000000000,
                                "update": 600000000000
                            },
                            "schema_version": "1"
                        },
                        "tainted": false
                    },
                    "deposed": [],
                    "provider": "provider.aws"
                },
                "aws_security_group.instance_security": {
                    "type": "aws_security_group",
                    "depends_on": [],
                    "primary": {
                        "id": "sg-0b106fdbaf2859bd0",
                        "attributes": {
                            "arn": "arn:aws:ec2:us-east-1:067490681663:security-group/sg-0b106fdbaf2859bd0",
                            "description": "Managed by Terraform",
                            "egress.#": "0",
                            "id": "sg-0b106fdbaf2859bd0",
                            "ingress.#": "1",
                            "ingress.516175195.cidr_blocks.#": "1",
                            "ingress.516175195.cidr_blocks.0": "0.0.0.0/0",
                            "ingress.516175195.description": "",
                            "ingress.516175195.from_port": "8080",
                            "ingress.516175195.ipv6_cidr_blocks.#": "0",
                            "ingress.516175195.protocol": "tcp",
                            "ingress.516175195.security_groups.#": "0",
                            "ingress.516175195.self": "false",
                            "ingress.516175195.to_port": "8080",
                            "name": "tf-basic-instance",
                            "owner_id": "067490681663",
                            "revoke_rules_on_delete": "false",
                            "tags.%": "0",
                            "vpc_id": "vpc-3dc22047"
                        },
                        "meta": {
                            "e2bfb730-ecaa-11e6-8f88-34363bc7c4c0": {
                                "create": 600000000000,
                                "delete": 600000000000
                            },
                            "schema_version": "1"
                        },
                        "tainted": false
                    },
                    "deposed": [],
                    "provider": "provider.aws"
                }
            },
            "depends_on": []
        }
    ]
}
